
Microsoft Visual Studio Solution File, Format Version 12.00
# Visual Studio Version 16
VisualStudioVersion = 16.0.31321.278
MinimumVisualStudioVersion = 10.0.40219.1
Project("{9A19103F-16F7-4668-BE54-9A1E7A4F7556}") = "BaoYuanSerial", "BaoYuanSerial\BaoYuanSerial.csproj", "{B0188F86-8F48-4D9F-9FC4-8372C1F4E432}"
EndProject
Global
	GlobalSection(SolutionConfigurationPlatforms) = preSolution
		Debug|Any CPU = Debug|Any CPU
		Release|Any CPU = Release|Any CPU
	EndGlobalSection
	GlobalSection(ProjectConfigurationPlatforms) = postSolution
		{B0188F86-8F48-4D9F-9FC4-8372C1F4E432}.Debug|Any CPU.ActiveCfg = Debug|Any CPU
		{B0188F86-8F48-4D9F-9FC4-8372C1F4E432}.Debug|Any CPU.Build.0 = Debug|Any CPU
		{B0188F86-8F48-4D9F-9FC4-8372C1F4E432}.Release|Any CPU.ActiveCfg = Release|Any CPU
		{B0188F86-8F48-4D9F-9FC4-8372C1F4E432}.Release|Any CPU.Build.0 = Release|Any CPU
	EndGlobalSection
	GlobalSection(SolutionProperties) = preSolution
		HideSolutionNode = FALSE
	EndGlobalSection
	GlobalSection(ExtensibilityGlobals) = postSolution
		SolutionGuid = {A70AA2BD-E147-437E-8653-B0B52AFECB07}
	EndGlobalSection
EndGlobal
